
Microsoft Visual Studio Solution File, Format Version 12.00
# Visual Studio 15
Project("{FAE04EC0-301F-11D3-BF4B-00C04F79EFBC}") = "Assembly-CSharp", "Assembly-CSharp.csproj", "{ABE33A30-E1DC-8783-5AE4-7F2342897772}"
EndProject
Project("{FAE04EC0-301F-11D3-BF4B-00C04F79EFBC}") = "Assembly-CSharp-Editor", "Assembly-CSharp-Editor.csproj", "{6E9D1245-029C-9B8B-6E37-C2E0422F518E}"
EndProject
Global
	GlobalSection(SolutionConfigurationPlatforms) = preSolution
		Debug|Any CPU = Debug|Any CPU
		Release|Any CPU = Release|Any CPU
	EndGlobalSection
	GlobalSection(ProjectConfigurationPlatforms) = postSolution
		{ABE33A30-E1DC-8783-5AE4-7F2342897772}.Debug|Any CPU.ActiveCfg = Debug|Any CPU
		{ABE33A30-E1DC-8783-5AE4-7F2342897772}.Debug|Any CPU.Build.0 = Debug|Any CPU
		{ABE33A30-E1DC-8783-5AE4-7F2342897772}.Release|Any CPU.ActiveCfg = Release|Any CPU
		{ABE33A30-E1DC-8783-5AE4-7F2342897772}.Release|Any CPU.Build.0 = Release|Any CPU
		{6E9D1245-029C-9B8B-6E37-C2E0422F518E}.Debug|Any CPU.ActiveCfg = Debug|Any CPU
		{6E9D1245-029C-9B8B-6E37-C2E0422F518E}.Debug|Any CPU.Build.0 = Debug|Any CPU
		{6E9D1245-029C-9B8B-6E37-C2E0422F518E}.Release|Any CPU.ActiveCfg = Release|Any CPU
		{6E9D1245-029C-9B8B-6E37-C2E0422F518E}.Release|Any CPU.Build.0 = Release|Any CPU
	EndGlobalSection
	GlobalSection(SolutionProperties) = preSolution
		HideSolutionNode = FALSE
	EndGlobalSection
EndGlobal
